<?xml version="1.0" encoding="utf-8"?>
<Project ToolsVersion="4.0" xmlns="http://schemas.microsoft.com/developer/msbuild/2003">
  <ItemGroup>
    <Filter Include="Source Files">
      <UniqueIdentifier>{4FC737F1-C7A5-4376-A066-2A32D752A2FF}</UniqueIdentifier>
      <Extensions>cpp;c;cc;cxx;def;odl;idl;hpj;bat;asm;asmx</Extensions>
    </Filter>
    <Filter Include="Resource Files">
      <UniqueIdentifier>{67DA6AB6-F800-4c08-8B7A-83BB121AAD01}</UniqueIdentifier>
      <Extensions>rc;ico;cur;bmp;dlg;rc2;rct;bin;rgs;gif;jpg;jpeg;jpe;resx;tiff;tif;png;wav;mfcribbon-ms</Extensions>
    </Filter>
    <Filter Include="Source Files\DataStructures">
      <UniqueIdentifier>{21be8ee5-db4b-488b-8cff-d8c988b0b4e5}</UniqueIdentifier>
    </Filter>
    <Filter Include="Source Files\System">
      <UniqueIdentifier>{9c488ffd-5a4d-4355-99b2-09121ae4680f}</UniqueIdentifier>
    </Filter>
  </ItemGroup>
  <ItemGroup>
    <ClInclude Include="..\..\..\..\Source\Common\Core\DataStructures\BitVector.h">
      <Filter>Source Files\DataStructures</Filter>
    </ClInclude>
    <ClInclude Include="..\..\..\..\Source\Common\Core\DataStructures\ResourceUnorderedVector.hpp">
      <Filter>Source Files\DataStructures</Filter>
    </ClInclude>
    <ClInclude Include="..\..\..\..\Source\Common\Core\DataStructures\SimpleTypeUnorderedVector.hpp">
      <Filter>Source Files\DataStructures</Filter>
    </ClInclude>
    <ClInclude Include="..\..\..\..\Source\Common\Core\DataStructures\SimpleTypeUnorderedVectorWithInvalidElements.hpp">
      <Filter>Source Files\DataStructures</Filter>
    </ClInclude>
    <ClInclude Include="..\..\..\..\Source\Common\Core\DataStructures\SimpleTypeVector.hpp">
      <Filter>Source Files\DataStructures</Filter>
    </ClInclude>
    <ClInclude Include="..\..\..\..\Source\Common\Core\System\Semaphore.hpp">
      <Filter>Source Files\System</Filter>
    </ClInclude>
    <ClInclude Include="..\..\..\..\Source\Common\Core\System\Socket.h">
      <Filter>Source Files\System</Filter>
    </ClInclude>
    <ClInclude Include="..\..\..\..\Source\Common\Core\System\ThreadPool.h">
      <Filter>Source Files\System</Filter>
    </ClInclude>
    <ClInclude Include="..\..\..\..\Source\Common\Core\AlgorithmExtensions.hpp">
      <Filter>Source Files</Filter>
    </ClInclude>
    <ClInclude Include="..\..\..\..\Source\Common\Core\CollectionExtensions.hpp">
      <Filter>Source Files</Filter>
    </ClInclude>
    <ClInclude Include="..\..\..\..\Source\Common\Core\Comparison.h">
      <Filter>Source Files</Filter>
    </ClInclude>
    <ClInclude Include="..\..\..\..\Source\Common\Core\Enum.h">
      <Filter>Source Files</Filter>
    </ClInclude>
    <ClInclude Include="..\..\..\..\Source\Common\Core\FixedSizedOutputStream.hpp">
      <Filter>Source Files</Filter>
    </ClInclude>
    <ClInclude Include="..\..\..\..\Source\Common\Core\GraphViz.h">
      <Filter>Source Files</Filter>
    </ClInclude>
    <ClInclude Include="..\..\..\..\Source\Common\Core\IntervalData.hpp">
      <Filter>Source Files</Filter>
    </ClInclude>
    <ClInclude Include="..\..\..\..\Source\Common\Core\MathHelper.h">
      <Filter>Source Files</Filter>
    </ClInclude>
    <ClInclude Include="..\..\..\..\Source\Common\Core\MemoryAllocationCheck.h">
      <Filter>Source Files</Filter>
    </ClInclude>
    <ClInclude Include="..\..\..\..\Source\Common\Core\ObjectCache.hpp">
      <Filter>Source Files</Filter>
    </ClInclude>
    <ClInclude Include="..\..\..\..\Source\Common\Core\Platform.h">
      <Filter>Source Files</Filter>
    </ClInclude>
    <ClInclude Include="..\..\..\..\Source\Common\Core\SharedPointerST.hpp">
      <Filter>Source Files</Filter>
    </ClInclude>
    <ClInclude Include="..\..\..\..\Source\Common\Core\SimpleBinarySerialization.hpp">
      <Filter>Source Files</Filter>
    </ClInclude>
    <ClInclude Include="..\..\..\..\Source\Common\Core\Singleton.hpp">
      <Filter>Source Files</Filter>
    </ClInclude>
    <ClInclude Include="..\..\..\..\Source\Common\Core\String.hpp">
      <Filter>Source Files</Filter>
    </ClInclude>
    <ClInclude Include="..\..\..\..\Source\Common\Core\Constants.h">
      <Filter>Source Files</Filter>
    </ClInclude>
    <ClInclude Include="..\..\..\..\Source\Common\Core\System\SimpleIO.h">
      <Filter>Source Files\System</Filter>
    </ClInclude>
    <ClInclude Include="..\..\..\..\Source\Common\Core\Debug.h">
      <Filter>Source Files</Filter>
    </ClInclude>
    <ClInclude Include="..\..\..\..\Source\Common\Core\System\SharedMemory.h">
      <Filter>Source Files\System</Filter>
    </ClInclude>
    <ClInclude Include="..\..\..\..\Source\Common\Core\DataStructures\Properties.h">
      <Filter>Source Files\DataStructures</Filter>
    </ClInclude>
    <ClInclude Include="..\..\..\..\Source\Common\Core\Percentage.hpp">
      <Filter>Source Files</Filter>
    </ClInclude>
    <ClInclude Include="..\..\..\..\Source\Common\Core\Parse.hpp">
      <Filter>Source Files</Filter>
    </ClInclude>
    <ClInclude Include="..\..\..\..\Source\Common\Core\Functional.hpp">
      <Filter>Source Files</Filter>
    </ClInclude>
    <ClInclude Include="..\..\..\..\Source\Common\Core\System\Filesystem.h">
      <Filter>Source Files\System</Filter>
    </ClInclude>
    <ClInclude Include="..\..\..\..\Source\Common\Core\Windows.h">
      <Filter>Source Files</Filter>
    </ClInclude>
    <ClInclude Include="..\..\..\..\Source\Common\Core\Utility.hpp">
      <Filter>Source Files</Filter>
    </ClInclude>
    <ClInclude Include="..\..\..\..\Source\Common\Core\SimpleXMLSerialization.hpp">
      <Filter>Source Files</Filter>
    </ClInclude>
    <ClInclude Include="..\..\..\..\Source\Common\Core\StringStreamHelper.h">
      <Filter>Source Files</Filter>
    </ClInclude>
    <ClInclude Include="..\..\..\..\Source\Common\Core\DataStructures\Pool.hpp">
      <Filter>Source Files\DataStructures</Filter>
    </ClInclude>
    <ClInclude Include="..\..\..\..\Source\Common\Core\AlignedAllocator.hpp">
      <Filter>Source Files</Filter>
    </ClInclude>
    <ClInclude Include="..\..\..\..\Source\Common\Core\SingleElementPoolAllocator.hpp">
      <Filter>Source Files</Filter>
    </ClInclude>
  </ItemGroup>
  <ItemGroup>
    <ClCompile Include="..\..\..\..\Source\Common\Core\DataStructures\BitVector.cpp">
      <Filter>Source Files\DataStructures</Filter>
    </ClCompile>
    <ClCompile Include="..\..\..\..\Source\Common\Core\System\Socket.cpp">
      <Filter>Source Files\System</Filter>
    </ClCompile>
    <ClCompile Include="..\..\..\..\Source\Common\Core\System\ThreadPool.cpp">
      <Filter>Source Files\System</Filter>
    </ClCompile>
    <ClCompile Include="..\..\..\..\Source\Common\Core\GraphViz.cpp">
      <Filter>Source Files</Filter>
    </ClCompile>
    <ClCompile Include="..\..\..\..\Source\Common\Core\MathHelper.cpp">
      <Filter>Source Files</Filter>
    </ClCompile>
    <ClCompile Include="..\..\..\..\Source\Common\Core\System\SimpleIO.cpp">
      <Filter>Source Files\System</Filter>
    </ClCompile>
    <ClCompile Include="..\..\..\..\Source\Common\Core\System\SharedMemory.cpp">
      <Filter>Source Files\System</Filter>
    </ClCompile>
    <ClCompile Include="..\..\..\..\Source\Common\Core\DataStructures\Properties.cpp">
      <Filter>Source Files\DataStructures</Filter>
    </ClCompile>
    <ClCompile Include="..\..\..\..\Source\Common\Core\SingleElementPoolAllocator.cpp">
      <Filter>Source Files</Filter>
    </ClCompile>
  </ItemGroup>
  <ItemGroup>
    <Natvis Include="Core_VS_DebugView.natvis" />
  </ItemGroup>
</Project>